
Microsoft Visual Studio Solution File, Format Version 12.00
# Visual Studio Version 16
VisualStudioVersion = 16.0.31424.327
MinimumVisualStudioVersion = 10.0.40219.1
Project("{FAE04EC0-301F-11D3-BF4B-00C04F79EFBC}") = "PC.PowerApps.Common", "PC.PowerApps.Common\PC.PowerApps.Common.csproj", "{FD0ACA0E-F3BD-4F0F-A993-7ADC32B1DB49}"
EndProject
Project("{FAE04EC0-301F-11D3-BF4B-00C04F79EFBC}") = "PC.PowerApps.Plugins", "PC.PowerApps.Plugins\PC.PowerApps.Plugins.csproj", "{12A350CC-62EE-4AA0-A393-E8CB1A140706}"
EndProject
Project("{2150E333-8FDC-42A3-9474-1A3956D46DE8}") = "Solution Items", "Solution Items", "{FD67F882-67CC-4CE2-8B37-8C9162414671}"
	ProjectSection(SolutionItems) = preProject
		Directory.Build.props = Directory.Build.props
	EndProjectSection
EndProject
Project("{9A19103F-16F7-4668-BE54-9A1E7A4F7556}") = "PC.PowerApps.FunctionApp", "PC.PowerApps.FunctionApp\PC.PowerApps.FunctionApp.csproj", "{F69F46FD-71BF-4D28-8409-A1B68F0F471F}"
EndProject
Project("{FAE04EC0-301F-11D3-BF4B-00C04F79EFBC}") = "PC.PowerApps.ClientBase", "PC.PowerApps.ClientBase\PC.PowerApps.ClientBase.csproj", "{711FC05A-7BA1-4542-BA10-277C55B6B795}"
EndProject
Project("{FAE04EC0-301F-11D3-BF4B-00C04F79EFBC}") = "PC.PowerApps.TestConsoleApp", "PC.PowerApps.TestConsoleApp\PC.PowerApps.TestConsoleApp.csproj", "{E626D5C3-E25E-4098-99F6-B9A7A4FD4900}"
EndProject
Project("{FAE04EC0-301F-11D3-BF4B-00C04F79EFBC}") = "PC.PowerApps.WebResources", "PC.PowerApps.WebResources\PC.PowerApps.WebResources.csproj", "{2574F603-4B6C-4A30-BFDD-E3BC09EEDFDF}"
EndProject
Global
	GlobalSection(SolutionConfigurationPlatforms) = preSolution
		Debug|Any CPU = Debug|Any CPU
		Release|Any CPU = Release|Any CPU
	EndGlobalSection
	GlobalSection(ProjectConfigurationPlatforms) = postSolution
		{FD0ACA0E-F3BD-4F0F-A993-7ADC32B1DB49}.Debug|Any CPU.ActiveCfg = Debug|Any CPU
		{FD0ACA0E-F3BD-4F0F-A993-7ADC32B1DB49}.Debug|Any CPU.Build.0 = Debug|Any CPU
		{FD0ACA0E-F3BD-4F0F-A993-7ADC32B1DB49}.Release|Any CPU.ActiveCfg = Release|Any CPU
		{FD0ACA0E-F3BD-4F0F-A993-7ADC32B1DB49}.Release|Any CPU.Build.0 = Release|Any CPU
		{12A350CC-62EE-4AA0-A393-E8CB1A140706}.Debug|Any CPU.ActiveCfg = Debug|Any CPU
		{12A350CC-62EE-4AA0-A393-E8CB1A140706}.Debug|Any CPU.Build.0 = Debug|Any CPU
		{12A350CC-62EE-4AA0-A393-E8CB1A140706}.Release|Any CPU.ActiveCfg = Release|Any CPU
		{12A350CC-62EE-4AA0-A393-E8CB1A140706}.Release|Any CPU.Build.0 = Release|Any CPU
		{F69F46FD-71BF-4D28-8409-A1B68F0F471F}.Debug|Any CPU.ActiveCfg = Debug|Any CPU
		{F69F46FD-71BF-4D28-8409-A1B68F0F471F}.Debug|Any CPU.Build.0 = Debug|Any CPU
		{F69F46FD-71BF-4D28-8409-A1B68F0F471F}.Release|Any CPU.ActiveCfg = Release|Any CPU
		{F69F46FD-71BF-4D28-8409-A1B68F0F471F}.Release|Any CPU.Build.0 = Release|Any CPU
		{711FC05A-7BA1-4542-BA10-277C55B6B795}.Debug|Any CPU.ActiveCfg = Debug|Any CPU
		{711FC05A-7BA1-4542-BA10-277C55B6B795}.Debug|Any CPU.Build.0 = Debug|Any CPU
		{711FC05A-7BA1-4542-BA10-277C55B6B795}.Release|Any CPU.ActiveCfg = Release|Any CPU
		{711FC05A-7BA1-4542-BA10-277C55B6B795}.Release|Any CPU.Build.0 = Release|Any CPU
		{E626D5C3-E25E-4098-99F6-B9A7A4FD4900}.Debug|Any CPU.ActiveCfg = Debug|Any CPU
		{E626D5C3-E25E-4098-99F6-B9A7A4FD4900}.Debug|Any CPU.Build.0 = Debug|Any CPU
		{E626D5C3-E25E-4098-99F6-B9A7A4FD4900}.Release|Any CPU.ActiveCfg = Release|Any CPU
		{E626D5C3-E25E-4098-99F6-B9A7A4FD4900}.Release|Any CPU.Build.0 = Release|Any CPU
		{2574F603-4B6C-4A30-BFDD-E3BC09EEDFDF}.Debug|Any CPU.ActiveCfg = Debug|Any CPU
		{2574F603-4B6C-4A30-BFDD-E3BC09EEDFDF}.Debug|Any CPU.Build.0 = Debug|Any CPU
		{2574F603-4B6C-4A30-BFDD-E3BC09EEDFDF}.Release|Any CPU.ActiveCfg = Release|Any CPU
		{2574F603-4B6C-4A30-BFDD-E3BC09EEDFDF}.Release|Any CPU.Build.0 = Release|Any CPU
	EndGlobalSection
	GlobalSection(SolutionProperties) = preSolution
		HideSolutionNode = FALSE
	EndGlobalSection
	GlobalSection(ExtensibilityGlobals) = postSolution
		SolutionGuid = {9633F010-5A08-4055-B415-A861D51DF5EE}
	EndGlobalSection
EndGlobal
